lockfileVersion: '6.0'

settings:
  autoInstallPeers: true
  excludeLinksFromLockfile: false

devDependencies:
  mauss:
    specifier: ^0.7.0
    version: 0.7.0
  prettier:
    specifier: ^3.0.1
    version: 3.0.1
  prettier-plugin-sort-package-json:
    specifier: ^0.1.1
    version: 0.1.1(prettier@3.0.1)

packages:

  /mauss@0.7.0:
    resolution: {integrity: sha512-1alb7+ne13blJSZ9tsZ1Vc6D6QnmA5GJgztXG/GiYUhvAOz5ML1DBqaHn0GsiaSctG0iSWWvDO/j2nU+czJawA==}
    dev: true

  /prettier-plugin-sort-package-json@0.1.1(prettier@3.0.1):
    resolution: {integrity: sha512-mnnLmKyL/bigGISn2xLObeGS5a/tdbR2ll6Ek1QLPBUfket4ydpYhZJxllHlxJkzwOT1ooRw9yWM7SkNXvB9oQ==}
    peerDependencies:
      prettier: ^3.0.0
    dependencies:
      prettier: 3.0.1
    dev: true

  /prettier@3.0.1:
    resolution: {integrity: sha512-fcOWSnnpCrovBsmFZIGIy9UqK2FaI7Hqax+DIO0A9UxeVoY4iweyaFjS5TavZN97Hfehph0nhsZnjlVKzEQSrQ==}
    engines: {node: '>=14'}
    hasBin: true
    dev: true
