lockfileVersion: '9.0'

settings:
  autoInstallPeers: true
  excludeLinksFromLockfile: false

importers:

  .:
    devDependencies:
      mauss:
        specifier: ^0.10.6
        version: 0.10.6
      prettier:
        specifier: ^3.6.2
        version: 3.6.2
      prettier-plugin-sort-package-json:
        specifier: ^1.1.0
        version: 1.1.0(prettier@3.6.2)

packages:

  mauss@0.10.6:
    resolution: {integrity: sha512-KIHfRm8I2cFuazO5dkejxHvvFbYaa/KUT5Bc1AA5Vz2KOP+lKnQ4C1uVlsTlURx0vI8/hGMw3KzlKYCxHV6+AA==}

  prettier-plugin-sort-package-json@1.1.0:
    resolution: {integrity: sha512-vbOfkAvNjqbpZT7QdhGS/KE66C8J789zdzJtQvKHuM46+nBz7+A+2DrDuBriVPd9uf3qDRCKxHGKZ31bJQ87tA==}
    peerDependencies:
      prettier: ^3.0.0

  prettier@3.6.2:
    resolution: {integrity: sha512-I7AIg5boAr5R0FFtJ6rCfD+LFsWHp81dolrFD8S79U9tb8Az2nGrJncnMSnys+bpQJfRUzqs9hnA81OAA3hCuQ==}
    engines: {node: '>=14'}
    hasBin: true

snapshots:

  mauss@0.10.6: {}

  prettier-plugin-sort-package-json@1.1.0(prettier@3.6.2):
    dependencies:
      prettier: 3.6.2

  prettier@3.6.2: {}
